
Microsoft Visual Studio Solution File, Format Version 12.00
# Visual Studio Version 17
VisualStudioVersion = 17.4.33213.308
MinimumVisualStudioVersion = 10.0.40219.1
Project("{FAE04EC0-301F-11D3-BF4B-00C04F79EFBC}") = "CadastroCliente", "CadastroCliente\CadastroCliente.csproj", "{562D33B1-BC6C-4619-9B1F-13FFF44D7F69}"
EndProject
Global
	GlobalSection(SolutionConfigurationPlatforms) = preSolution
		Debug|Any CPU = Debug|Any CPU
		Release|Any CPU = Release|Any CPU
	EndGlobalSection
	GlobalSection(ProjectConfigurationPlatforms) = postSolution
		{562D33B1-BC6C-4619-9B1F-13FFF44D7F69}.Debug|Any CPU.ActiveCfg = Debug|Any CPU
		{562D33B1-BC6C-4619-9B1F-13FFF44D7F69}.Debug|Any CPU.Build.0 = Debug|Any CPU
		{562D33B1-BC6C-4619-9B1F-13FFF44D7F69}.Release|Any CPU.ActiveCfg = Release|Any CPU
		{562D33B1-BC6C-4619-9B1F-13FFF44D7F69}.Release|Any CPU.Build.0 = Release|Any CPU
	EndGlobalSection
	GlobalSection(SolutionProperties) = preSolution
		HideSolutionNode = FALSE
	EndGlobalSection
	GlobalSection(ExtensibilityGlobals) = postSolution
		SolutionGuid = {EFB191EB-10EB-48B0-91A5-C6E92DE60CBC}
	EndGlobalSection
EndGlobal
